
Microsoft Visual Studio Solution File, Format Version 12.00
# Visual Studio 15
VisualStudioVersion = 15.0.27428.2005
MinimumVisualStudioVersion = 10.0.40219.1
Project("{FAE04EC0-301F-11D3-BF4B-00C04F79EFBC}") = "MyLibrary", "MyLibrary\MyLibrary.csproj", "{B28668B7-E9F9-4F00-9B50-91F0B2CF73B6}"
EndProject
Global
	GlobalSection(SolutionConfigurationPlatforms) = preSolution
		Debug|Any CPU = Debug|Any CPU
		Release|Any CPU = Release|Any CPU
	EndGlobalSection
	GlobalSection(ProjectConfigurationPlatforms) = postSolution
		{B28668B7-E9F9-4F00-9B50-91F0B2CF73B6}.Debug|Any CPU.ActiveCfg = Debug|Any CPU
		{B28668B7-E9F9-4F00-9B50-91F0B2CF73B6}.Debug|Any CPU.Build.0 = Debug|Any CPU
		{B28668B7-E9F9-4F00-9B50-91F0B2CF73B6}.Release|Any CPU.ActiveCfg = Release|Any CPU
		{B28668B7-E9F9-4F00-9B50-91F0B2CF73B6}.Release|Any CPU.Build.0 = Release|Any CPU
	EndGlobalSection
	GlobalSection(SolutionProperties) = preSolution
		HideSolutionNode = FALSE
	EndGlobalSection
	GlobalSection(ExtensibilityGlobals) = postSolution
		SolutionGuid = {CBD4ABAE-C837-44BD-9652-A63411E719DF}
	EndGlobalSection
EndGlobal
